// !$*UTF8*$!
{
	archiveVersion = 1;
	classes = {
	};
	objectVersion = 56;
	objects = {

/* Begin PBXBuildFile section */
		26DDB37529BCC69D003288C8 /* AppDelegate.swift in Sources */ = {isa = PBXBuildFile; fileRef = 26DDB37429BCC69D003288C8 /* AppDelegate.swift */; };
		26DDB37E29BCC69E003288C8 /* Assets.xcassets in Resources */ = {isa = PBXBuildFile; fileRef = 26DDB37D29BCC69E003288C8 /* Assets.xcassets */; };
		26DDB38129BCC69E003288C8 /* LaunchScreen.storyboard in Resources */ = {isa = PBXBuildFile; fileRef = 26DDB37F29BCC69E003288C8 /* LaunchScreen.storyboard */; };
		26DDB38C29BCC69E003288C8 /* SwinjectDemoTests.swift in Sources */ = {isa = PBXBuildFile; fileRef = 26DDB38B29BCC69E003288C8 /* SwinjectDemoTests.swift */; };
		26DDB3B029BCC75B003288C8 /* AppEnvironment.swift in Sources */ = {isa = PBXBuildFile; fileRef = 26DDB3AF29BCC75B003288C8 /* AppEnvironment.swift */; };
		26DDB3B329BCCA7A003288C8 /* DashboardItem.swift in Sources */ = {isa = PBXBuildFile; fileRef = 26DDB3B229BCCA7A003288C8 /* DashboardItem.swift */; };
		26DDB3B629BCCB0D003288C8 /* DashboardViewController.swift in Sources */ = {isa = PBXBuildFile; fileRef = 26DDB3B529BCCB0D003288C8 /* DashboardViewController.swift */; };
		26DDB3BB29BCCB71003288C8 /* SettingsViewController.swift in Sources */ = {isa = PBXBuildFile; fileRef = 26DDB3BA29BCCB71003288C8 /* SettingsViewController.swift */; };
		26DDB3BD29BCCB8E003288C8 /* DashboardService.swift in Sources */ = {isa = PBXBuildFile; fileRef = 26DDB3BC29BCCB8E003288C8 /* DashboardService.swift */; };
		26DDB3C029BCCC5B003288C8 /* Swinject in Frameworks */ = {isa = PBXBuildFile; productRef = 26DDB3BF29BCCC5B003288C8 /* Swinject */; };
		26DDB3C329BCCC69003288C8 /* SwinjectAutoregistration in Frameworks */ = {isa = PBXBuildFile; productRef = 26DDB3C229BCCC69003288C8 /* SwinjectAutoregistration */; };
/* End PBXBuildFile section */

/* Begin PBXContainerItemProxy section */
		26DDB38829BCC69E003288C8 /* PBXContainerItemProxy */ = {
			isa = PBXContainerItemProxy;
			containerPortal = 26DDB36929BCC69D003288C8 /* Project object */;
			proxyType = 1;
			remoteGlobalIDString = 26DDB37029BCC69D003288C8;
			remoteInfo = SwinjectDemo;
		};
/* End PBXContainerItemProxy section */

/* Begin PBXFileReference section */
		26DDB37129BCC69D003288C8 /* SwinjectDemo.app */ = {isa = PBXFileReference; explicitFileType = wrapper.application; includeInIndex = 0; path = SwinjectDemo.app; sourceTree = BUILT_PRODUCTS_DIR; };
		26DDB37429BCC69D003288C8 /* AppDelegate.swift */ = {isa = PBXFileReference; lastKnownFileType = sourcecode.swift; path = AppDelegate.swift; sourceTree = "<group>"; };
		26DDB37D29BCC69E003288C8 /* Assets.xcassets */ = {isa = PBXFileReference; lastKnownFileType = folder.assetcatalog; path = Assets.xcassets; sourceTree = "<group>"; };
		26DDB38029BCC69E003288C8 /* Base */ = {isa = PBXFileReference; lastKnownFileType = file.storyboard; name = Base; path = Base.lproj/LaunchScreen.storyboard; sourceTree = "<group>"; };
		26DDB38229BCC69E003288C8 /* Info.plist */ = {isa = PBXFileReference; lastKnownFileType = text.plist.xml; path = Info.plist; sourceTree = "<group>"; };
		26DDB38729BCC69E003288C8 /* SwinjectDemoTests.xctest */ = {isa = PBXFileReference; explicitFileType = wrapper.cfbundle; includeInIndex = 0; path = SwinjectDemoTests.xctest; sourceTree = BUILT_PRODUCTS_DIR; };
		26DDB38B29BCC69E003288C8 /* SwinjectDemoTests.swift */ = {isa = PBXFileReference; lastKnownFileType = sourcecode.swift; path = SwinjectDemoTests.swift; sourceTree = "<group>"; };
		26DDB3AF29BCC75B003288C8 /* AppEnvironment.swift */ = {isa = PBXFileReference; lastKnownFileType = sourcecode.swift; path = AppEnvironment.swift; sourceTree = "<group>"; };
		26DDB3B229BCCA7A003288C8 /* DashboardItem.swift */ = {isa = PBXFileReference; lastKnownFileType = sourcecode.swift; path = DashboardItem.swift; sourceTree = "<group>"; };
		26DDB3B529BCCB0D003288C8 /* DashboardViewController.swift */ = {isa = PBXFileReference; lastKnownFileType = sourcecode.swift; path = DashboardViewController.swift; sourceTree = "<group>"; };
		26DDB3BA29BCCB71003288C8 /* SettingsViewController.swift */ = {isa = PBXFileReference; lastKnownFileType = sourcecode.swift; path = SettingsViewController.swift; sourceTree = "<group>"; };
		26DDB3BC29BCCB8E003288C8 /* DashboardService.swift */ = {isa = PBXFileReference; lastKnownFileType = sourcecode.swift; path = DashboardService.swift; sourceTree = "<group>"; };
/* End PBXFileReference section */

/* Begin PBXFrameworksBuildPhase section */
		26DDB36E29BCC69D003288C8 /* Frameworks */ = {
			isa = PBXFrameworksBuildPhase;
			buildActionMask = 2147483647;
			files = (
				26DDB3C029BCCC5B003288C8 /* Swinject in Frameworks */,
				26DDB3C329BCCC69003288C8 /* SwinjectAutoregistration in Frameworks */,
			);
			runOnlyForDeploymentPostprocessing = 0;
		};
		26DDB38429BCC69E003288C8 /* Frameworks */ = {
			isa = PBXFrameworksBuildPhase;
			buildActionMask = 2147483647;
			files = (
			);
			runOnlyForDeploymentPostprocessing = 0;
		};
/* End PBXFrameworksBuildPhase section */

/* Begin PBXGroup section */
		26DDB36829BCC69D003288C8 = {
			isa = PBXGroup;
			children = (
				26DDB37329BCC69D003288C8 /* SwinjectDemo */,
				26DDB38A29BCC69E003288C8 /* SwinjectDemoTests */,
				26DDB37229BCC69D003288C8 /* Products */,
			);
			sourceTree = "<group>";
		};
		26DDB37229BCC69D003288C8 /* Products */ = {
			isa = PBXGroup;
			children = (
				26DDB37129BCC69D003288C8 /* SwinjectDemo.app */,
				26DDB38729BCC69E003288C8 /* SwinjectDemoTests.xctest */,
			);
			name = Products;
			sourceTree = "<group>";
		};
		26DDB37329BCC69D003288C8 /* SwinjectDemo */ = {
			isa = PBXGroup;
			children = (
				26DDB3AE29BCC749003288C8 /* app */,
				26DDB3B929BCCB31003288C8 /* service */,
				26DDB3B429BCCA93003288C8 /* ui */,
				26DDB3B129BCCA68003288C8 /* model */,
				26DDB37F29BCC69E003288C8 /* LaunchScreen.storyboard */,
				26DDB37D29BCC69E003288C8 /* Assets.xcassets */,
				26DDB38229BCC69E003288C8 /* Info.plist */,
			);
			path = SwinjectDemo;
			sourceTree = "<group>";
		};
		26DDB38A29BCC69E003288C8 /* SwinjectDemoTests */ = {
			isa = PBXGroup;
			children = (
				26DDB38B29BCC69E003288C8 /* SwinjectDemoTests.swift */,
			);
			path = SwinjectDemoTests;
			sourceTree = "<group>";
		};
		26DDB3AE29BCC749003288C8 /* app */ = {
			isa = PBXGroup;
			children = (
				26DDB37429BCC69D003288C8 /* AppDelegate.swift */,
				26DDB3AF29BCC75B003288C8 /* AppEnvironment.swift */,
			);
			path = app;
			sourceTree = "<group>";
		};
		26DDB3B129BCCA68003288C8 /* model */ = {
			isa = PBXGroup;
			children = (
				26DDB3B229BCCA7A003288C8 /* DashboardItem.swift */,
			);
			path = model;
			sourceTree = "<group>";
		};
		26DDB3B429BCCA93003288C8 /* ui */ = {
			isa = PBXGroup;
			children = (
				26DDB3B729BCCB1E003288C8 /* dashboard */,
				26DDB3B829BCCB24003288C8 /* settings */,
			);
			path = ui;
			sourceTree = "<group>";
		};
		26DDB3B729BCCB1E003288C8 /* dashboard */ = {
			isa = PBXGroup;
			children = (
				26DDB3B529BCCB0D003288C8 /* DashboardViewController.swift */,
			);
			path = dashboard;
			sourceTree = "<group>";
		};
		26DDB3B829BCCB24003288C8 /* settings */ = {
			isa = PBXGroup;
			children = (
				26DDB3BA29BCCB71003288C8 /* SettingsViewController.swift */,
			);
			path = settings;
			sourceTree = "<group>";
		};
		26DDB3B929BCCB31003288C8 /* service */ = {
			isa = PBXGroup;
			children = (
				26DDB3BC29BCCB8E003288C8 /* DashboardService.swift */,
			);
			path = service;
			sourceTree = "<group>";
		};
/* End PBXGroup section */

/* Begin PBXNativeTarget section */
		26DDB37029BCC69D003288C8 /* SwinjectDemo */ = {
			isa = PBXNativeTarget;
			buildConfigurationList = 26DDB39B29BCC69E003288C8 /* Build configuration list for PBXNativeTarget "SwinjectDemo" */;
			buildPhases = (
				26DDB36D29BCC69D003288C8 /* Sources */,
				26DDB36E29BCC69D003288C8 /* Frameworks */,
				26DDB36F29BCC69D003288C8 /* Resources */,
			);
			buildRules = (
			);
			dependencies = (
			);
			name = SwinjectDemo;
			packageProductDependencies = (
				26DDB3BF29BCCC5B003288C8 /* Swinject */,
				26DDB3C229BCCC69003288C8 /* SwinjectAutoregistration */,
			);
			productName = SwinjectDemo;
			productReference = 26DDB37129BCC69D003288C8 /* SwinjectDemo.app */;
			productType = "com.apple.product-type.application";
		};
		26DDB38629BCC69E003288C8 /* SwinjectDemoTests */ = {
			isa = PBXNativeTarget;
			buildConfigurationList = 26DDB39E29BCC69E003288C8 /* Build configuration list for PBXNativeTarget "SwinjectDemoTests" */;
			buildPhases = (
				26DDB38329BCC69E003288C8 /* Sources */,
				26DDB38429BCC69E003288C8 /* Frameworks */,
				26DDB38529BCC69E003288C8 /* Resources */,
			);
			buildRules = (
			);
			dependencies = (
				26DDB38929BCC69E003288C8 /* PBXTargetDependency */,
			);
			name = SwinjectDemoTests;
			productName = SwinjectDemoTests;
			productReference = 26DDB38729BCC69E003288C8 /* SwinjectDemoTests.xctest */;
			productType = "com.apple.product-type.bundle.unit-test";
		};
/* End PBXNativeTarget section */

/* Begin PBXProject section */
		26DDB36929BCC69D003288C8 /* Project object */ = {
			isa = PBXProject;
			attributes = {
				BuildIndependentTargetsInParallel = 1;
				LastSwiftUpdateCheck = 1420;
				LastUpgradeCheck = 1420;
				TargetAttributes = {
					26DDB37029BCC69D003288C8 = {
						CreatedOnToolsVersion = 14.2;
					};
					26DDB38629BCC69E003288C8 = {
						CreatedOnToolsVersion = 14.2;
						TestTargetID = 26DDB37029BCC69D003288C8;
					};
				};
			};
			buildConfigurationList = 26DDB36C29BCC69D003288C8 /* Build configuration list for PBXProject "SwinjectDemo" */;
			compatibilityVersion = "Xcode 14.0";
			developmentRegion = en;
			hasScannedForEncodings = 0;
			knownRegions = (
				en,
				Base,
			);
			mainGroup = 26DDB36829BCC69D003288C8;
			packageReferences = (
				26DDB3BE29BCCC5B003288C8 /* XCRemoteSwiftPackageReference "Swinject" */,
				26DDB3C129BCCC69003288C8 /* XCRemoteSwiftPackageReference "SwinjectAutoregistration" */,
			);
			productRefGroup = 26DDB37229BCC69D003288C8 /* Products */;
			projectDirPath = "";
			projectRoot = "";
			targets = (
				26DDB37029BCC69D003288C8 /* SwinjectDemo */,
				26DDB38629BCC69E003288C8 /* SwinjectDemoTests */,
			);
		};
/* End PBXProject section */

/* Begin PBXResourcesBuildPhase section */
		26DDB36F29BCC69D003288C8 /* Resources */ = {
			isa = PBXResourcesBuildPhase;
			buildActionMask = 2147483647;
			files = (
				26DDB38129BCC69E003288C8 /* LaunchScreen.storyboard in Resources */,
				26DDB37E29BCC69E003288C8 /* Assets.xcassets in Resources */,
			);
			runOnlyForDeploymentPostprocessing = 0;
		};
		26DDB38529BCC69E003288C8 /* Resources */ = {
			isa = PBXResourcesBuildPhase;
			buildActionMask = 2147483647;
			files = (
			);
			runOnlyForDeploymentPostprocessing = 0;
		};
/* End PBXResourcesBuildPhase section */

/* Begin PBXSourcesBuildPhase section */
		26DDB36D29BCC69D003288C8 /* Sources */ = {
			isa = PBXSourcesBuildPhase;
			buildActionMask = 2147483647;
			files = (
				26DDB3B029BCC75B003288C8 /* AppEnvironment.swift in Sources */,
				26DDB37529BCC69D003288C8 /* AppDelegate.swift in Sources */,
				26DDB3B329BCCA7A003288C8 /* DashboardItem.swift in Sources */,
				26DDB3BB29BCCB71003288C8 /* SettingsViewController.swift in Sources */,
				26DDB3BD29BCCB8E003288C8 /* DashboardService.swift in Sources */,
				26DDB3B629BCCB0D003288C8 /* DashboardViewController.swift in Sources */,
			);
			runOnlyForDeploymentPostprocessing = 0;
		};
		26DDB38329BCC69E003288C8 /* Sources */ = {
			isa = PBXSourcesBuildPhase;
			buildActionMask = 2147483647;
			files = (
				26DDB38C29BCC69E003288C8 /* SwinjectDemoTests.swift in Sources */,
			);
			runOnlyForDeploymentPostprocessing = 0;
		};
/* End PBXSourcesBuildPhase section */

/* Begin PBXTargetDependency section */
		26DDB38929BCC69E003288C8 /* PBXTargetDependency */ = {
			isa = PBXTargetDependency;
			target = 26DDB37029BCC69D003288C8 /* SwinjectDemo */;
			targetProxy = 26DDB38829BCC69E003288C8 /* PBXContainerItemProxy */;
		};
/* End PBXTargetDependency section */

/* Begin PBXVariantGroup section */
		26DDB37F29BCC69E003288C8 /* LaunchScreen.storyboard */ = {
			isa = PBXVariantGroup;
			children = (
				26DDB38029BCC69E003288C8 /* Base */,
			);
			name = LaunchScreen.storyboard;
			sourceTree = "<group>";
		};
/* End PBXVariantGroup section */

/* Begin XCBuildConfiguration section */
		26DDB39929BCC69E003288C8 /* Debug */ = {
			isa = XCBuildConfiguration;
			buildSettings = {
				ALWAYS_SEARCH_USER_PATHS = NO;
				CLANG_ANALYZER_NONNULL = YES;
				CLANG_ANALYZER_NUMBER_OBJECT_CONVERSION = YES_AGGRESSIVE;
				CLANG_CXX_LANGUAGE_STANDARD = "gnu++20";
				CLANG_ENABLE_MODULES = YES;
				CLANG_ENABLE_OBJC_ARC = YES;
				CLANG_ENABLE_OBJC_WEAK = YES;
				CLANG_WARN_BLOCK_CAPTURE_AUTORELEASING = YES;
				CLANG_WARN_BOOL_CONVERSION = YES;
				CLANG_WARN_COMMA = YES;
				CLANG_WARN_CONSTANT_CONVERSION = YES;
				CLANG_WARN_DEPRECATED_OBJC_IMPLEMENTATIONS = YES;
				CLANG_WARN_DIRECT_OBJC_ISA_USAGE = YES_ERROR;
				CLANG_WARN_DOCUMENTATION_COMMENTS = YES;
				CLANG_WARN_EMPTY_BODY = YES;
				CLANG_WARN_ENUM_CONVERSION = YES;
				CLANG_WARN_INFINITE_RECURSION = YES;
				CLANG_WARN_INT_CONVERSION = YES;
				CLANG_WARN_NON_LITERAL_NULL_CONVERSION = YES;
				CLANG_WARN_OBJC_IMPLICIT_RETAIN_SELF = YES;
				CLANG_WARN_OBJC_LITERAL_CONVERSION = YES;
				CLANG_WARN_OBJC_ROOT_CLASS = YES_ERROR;
				CLANG_WARN_QUOTED_INCLUDE_IN_FRAMEWORK_HEADER = YES;
				CLANG_WARN_RANGE_LOOP_ANALYSIS = YES;
				CLANG_WARN_STRICT_PROTOTYPES = YES;
				CLANG_WARN_SUSPICIOUS_MOVE = YES;
				CLANG_WARN_UNGUARDED_AVAILABILITY = YES_AGGRESSIVE;
				CLANG_WARN_UNREACHABLE_CODE = YES;
				CLANG_WARN__DUPLICATE_METHOD_MATCH = YES;
				COPY_PHASE_STRIP = NO;
				DEBUG_INFORMATION_FORMAT = dwarf;
				ENABLE_STRICT_OBJC_MSGSEND = YES;
				ENABLE_TESTABILITY = YES;
				GCC_C_LANGUAGE_STANDARD = gnu11;
				GCC_DYNAMIC_NO_PIC = NO;
				GCC_NO_COMMON_BLOCKS = YES;
				GCC_OPTIMIZATION_LEVEL = 0;
				GCC_PREPROCESSOR_DEFINITIONS = (
					"DEBUG=1",
					"$(inherited)",
				);
				GCC_WARN_64_TO_32_BIT_CONVERSION = YES;
				GCC_WARN_ABOUT_RETURN_TYPE = YES_ERROR;
				GCC_WARN_UNDECLARED_SELECTOR = YES;
				GCC_WARN_UNINITIALIZED_AUTOS = YES_AGGRESSIVE;
				GCC_WARN_UNUSED_FUNCTION = YES;
				GCC_WARN_UNUSED_VARIABLE = YES;
				IPHONEOS_DEPLOYMENT_TARGET = 16.2;
				MTL_ENABLE_DEBUG_INFO = INCLUDE_SOURCE;
				MTL_FAST_MATH = YES;
				ONLY_ACTIVE_ARCH = YES;
				SDKROOT = iphoneos;
				SWIFT_ACTIVE_COMPILATION_CONDITIONS = DEBUG;
				SWIFT_OPTIMIZATION_LEVEL = "-Onone";
			};
			name = Debug;
		};
		26DDB39A29BCC69E003288C8 /* Release */ = {
			isa = XCBuildConfiguration;
			buildSettings = {
				ALWAYS_SEARCH_USER_PATHS = NO;
				CLANG_ANALYZER_NONNULL = YES;
				CLANG_ANALYZER_NUMBER_OBJECT_CONVERSION = YES_AGGRESSIVE;
				CLANG_CXX_LANGUAGE_STANDARD = "gnu++20";
				CLANG_ENABLE_MODULES = YES;
				CLANG_ENABLE_OBJC_ARC = YES;
				CLANG_ENABLE_OBJC_WEAK = YES;
				CLANG_WARN_BLOCK_CAPTURE_AUTORELEASING = YES;
				CLANG_WARN_BOOL_CONVERSION = YES;
				CLANG_WARN_COMMA = YES;
				CLANG_WARN_CONSTANT_CONVERSION = YES;
				CLANG_WARN_DEPRECATED_OBJC_IMPLEMENTATIONS = YES;
				CLANG_WARN_DIRECT_OBJC_ISA_USAGE = YES_ERROR;
				CLANG_WARN_DOCUMENTATION_COMMENTS = YES;
				CLANG_WARN_EMPTY_BODY = YES;
				CLANG_WARN_ENUM_CONVERSION = YES;
				CLANG_WARN_INFINITE_RECURSION = YES;
				CLANG_WARN_INT_CONVERSION = YES;
				CLANG_WARN_NON_LITERAL_NULL_CONVERSION = YES;
				CLANG_WARN_OBJC_IMPLICIT_RETAIN_SELF = YES;
				CLANG_WARN_OBJC_LITERAL_CONVERSION = YES;
				CLANG_WARN_OBJC_ROOT_CLASS = YES_ERROR;
				CLANG_WARN_QUOTED_INCLUDE_IN_FRAMEWORK_HEADER = YES;
				CLANG_WARN_RANGE_LOOP_ANALYSIS = YES;
				CLANG_WARN_STRICT_PROTOTYPES = YES;
				CLANG_WARN_SUSPICIOUS_MOVE = YES;
				CLANG_WARN_UNGUARDED_AVAILABILITY = YES_AGGRESSIVE;
				CLANG_WARN_UNREACHABLE_CODE = YES;
				CLANG_WARN__DUPLICATE_METHOD_MATCH = YES;
				COPY_PHASE_STRIP = NO;
				DEBUG_INFORMATION_FORMAT = "dwarf-with-dsym";
				ENABLE_NS_ASSERTIONS = NO;
				ENABLE_STRICT_OBJC_MSGSEND = YES;
				GCC_C_LANGUAGE_STANDARD = gnu11;
				GCC_NO_COMMON_BLOCKS = YES;
				GCC_WARN_64_TO_32_BIT_CONVERSION = YES;
				GCC_WARN_ABOUT_RETURN_TYPE = YES_ERROR;
				GCC_WARN_UNDECLARED_SELECTOR = YES;
				GCC_WARN_UNINITIALIZED_AUTOS = YES_AGGRESSIVE;
				GCC_WARN_UNUSED_FUNCTION = YES;
				GCC_WARN_UNUSED_VARIABLE = YES;
				IPHONEOS_DEPLOYMENT_TARGET = 16.2;
				MTL_ENABLE_DEBUG_INFO = NO;
				MTL_FAST_MATH = YES;
				SDKROOT = iphoneos;
				SWIFT_COMPILATION_MODE = wholemodule;
				SWIFT_OPTIMIZATION_LEVEL = "-O";
				VALIDATE_PRODUCT = YES;
			};
			name = Release;
		};
		26DDB39C29BCC69E003288C8 /* Debug */ = {
			isa = XCBuildConfiguration;
			buildSettings = {
				ASSETCATALOG_COMPILER_APPICON_NAME = AppIcon;
				ASSETCATALOG_COMPILER_GLOBAL_ACCENT_COLOR_NAME = AccentColor;
				CODE_SIGN_STYLE = Automatic;
				CURRENT_PROJECT_VERSION = 1;
				GENERATE_INFOPLIST_FILE = YES;
				INFOPLIST_FILE = SwinjectDemo/Info.plist;
				INFOPLIST_KEY_UIApplicationSupportsIndirectInputEvents = YES;
				INFOPLIST_KEY_UILaunchStoryboardName = LaunchScreen;
				INFOPLIST_KEY_UISupportedInterfaceOrientations = UIInterfaceOrientationPortrait;
				IPHONEOS_DEPLOYMENT_TARGET = 15.0;
				LD_RUNPATH_SEARCH_PATHS = (
					"$(inherited)",
					"@executable_path/Frameworks",
				);
				MARKETING_VERSION = 1.0;
				PRODUCT_BUNDLE_IDENTIFIER = com.creativegames.SwinjectDemo;
				PRODUCT_NAME = "$(TARGET_NAME)";
				SWIFT_EMIT_LOC_STRINGS = YES;
				SWIFT_VERSION = 5.0;
				TARGETED_DEVICE_FAMILY = "1,2";
			};
			name = Debug;
		};
		26DDB39D29BCC69E003288C8 /* Release */ = {
			isa = XCBuildConfiguration;
			buildSettings = {
				ASSETCATALOG_COMPILER_APPICON_NAME = AppIcon;
				ASSETCATALOG_COMPILER_GLOBAL_ACCENT_COLOR_NAME = AccentColor;
				CODE_SIGN_STYLE = Automatic;
				CURRENT_PROJECT_VERSION = 1;
				GENERATE_INFOPLIST_FILE = YES;
				INFOPLIST_FILE = SwinjectDemo/Info.plist;
				INFOPLIST_KEY_UIApplicationSupportsIndirectInputEvents = YES;
				INFOPLIST_KEY_UILaunchStoryboardName = LaunchScreen;
				INFOPLIST_KEY_UISupportedInterfaceOrientations = UIInterfaceOrientationPortrait;
				IPHONEOS_DEPLOYMENT_TARGET = 15.0;
				LD_RUNPATH_SEARCH_PATHS = (
					"$(inherited)",
					"@executable_path/Frameworks",
				);
				MARKETING_VERSION = 1.0;
				PRODUCT_BUNDLE_IDENTIFIER = com.creativegames.SwinjectDemo;
				PRODUCT_NAME = "$(TARGET_NAME)";
				SWIFT_EMIT_LOC_STRINGS = YES;
				SWIFT_VERSION = 5.0;
				TARGETED_DEVICE_FAMILY = "1,2";
			};
			name = Release;
		};
		26DDB39F29BCC69E003288C8 /* Debug */ = {
			isa = XCBuildConfiguration;
			buildSettings = {
				ALWAYS_EMBED_SWIFT_STANDARD_LIBRARIES = YES;
				BUNDLE_LOADER = "$(TEST_HOST)";
				CODE_SIGN_STYLE = Automatic;
				CURRENT_PROJECT_VERSION = 1;
				GENERATE_INFOPLIST_FILE = YES;
				IPHONEOS_DEPLOYMENT_TARGET = 16.2;
				MARKETING_VERSION = 1.0;
				PRODUCT_BUNDLE_IDENTIFIER = com.creativegames.SwinjectDemoTests;
				PRODUCT_NAME = "$(TARGET_NAME)";
				SWIFT_EMIT_LOC_STRINGS = NO;
				SWIFT_VERSION = 5.0;
				TARGETED_DEVICE_FAMILY = "1,2";
				TEST_HOST = "$(BUILT_PRODUCTS_DIR)/SwinjectDemo.app/$(BUNDLE_EXECUTABLE_FOLDER_PATH)/SwinjectDemo";
			};
			name = Debug;
		};
		26DDB3A029BCC69E003288C8 /* Release */ = {
			isa = XCBuildConfiguration;
			buildSettings = {
				ALWAYS_EMBED_SWIFT_STANDARD_LIBRARIES = YES;
				BUNDLE_LOADER = "$(TEST_HOST)";
				CODE_SIGN_STYLE = Automatic;
				CURRENT_PROJECT_VERSION = 1;
				GENERATE_INFOPLIST_FILE = YES;
				IPHONEOS_DEPLOYMENT_TARGET = 16.2;
				MARKETING_VERSION = 1.0;
				PRODUCT_BUNDLE_IDENTIFIER = com.creativegames.SwinjectDemoTests;
				PRODUCT_NAME = "$(TARGET_NAME)";
				SWIFT_EMIT_LOC_STRINGS = NO;
				SWIFT_VERSION = 5.0;
				TARGETED_DEVICE_FAMILY = "1,2";
				TEST_HOST = "$(BUILT_PRODUCTS_DIR)/SwinjectDemo.app/$(BUNDLE_EXECUTABLE_FOLDER_PATH)/SwinjectDemo";
			};
			name = Release;
		};
/* End XCBuildConfiguration section */

/* Begin XCConfigurationList section */
		26DDB36C29BCC69D003288C8 /* Build configuration list for PBXProject "SwinjectDemo" */ = {
			isa = XCConfigurationList;
			buildConfigurations = (
				26DDB39929BCC69E003288C8 /* Debug */,
				26DDB39A29BCC69E003288C8 /* Release */,
			);
			defaultConfigurationIsVisible = 0;
			defaultConfigurationName = Release;
		};
		26DDB39B29BCC69E003288C8 /* Build configuration list for PBXNativeTarget "SwinjectDemo" */ = {
			isa = XCConfigurationList;
			buildConfigurations = (
				26DDB39C29BCC69E003288C8 /* Debug */,
				26DDB39D29BCC69E003288C8 /* Release */,
			);
			defaultConfigurationIsVisible = 0;
			defaultConfigurationName = Release;
		};
		26DDB39E29BCC69E003288C8 /* Build configuration list for PBXNativeTarget "SwinjectDemoTests" */ = {
			isa = XCConfigurationList;
			buildConfigurations = (
				26DDB39F29BCC69E003288C8 /* Debug */,
				26DDB3A029BCC69E003288C8 /* Release */,
			);
			defaultConfigurationIsVisible = 0;
			defaultConfigurationName = Release;
		};
/* End XCConfigurationList section */

/* Begin XCRemoteSwiftPackageReference section */
		26DDB3BE29BCCC5B003288C8 /* XCRemoteSwiftPackageReference "Swinject" */ = {
			isa = XCRemoteSwiftPackageReference;
			repositoryURL = "https://github.com/Swinject/Swinject.git";
			requirement = {
				kind = upToNextMinorVersion;
				minimumVersion = 2.8.0;
			};
		};
		26DDB3C129BCCC69003288C8 /* XCRemoteSwiftPackageReference "SwinjectAutoregistration" */ = {
			isa = XCRemoteSwiftPackageReference;
			repositoryURL = "https://github.com/Swinject/SwinjectAutoregistration.git";
			requirement = {
				kind = upToNextMinorVersion;
				minimumVersion = 2.8.0;
			};
		};
/* End XCRemoteSwiftPackageReference section */

/* Begin XCSwiftPackageProductDependency section */
		26DDB3BF29BCCC5B003288C8 /* Swinject */ = {
			isa = XCSwiftPackageProductDependency;
			package = 26DDB3BE29BCCC5B003288C8 /* XCRemoteSwiftPackageReference "Swinject" */;
			productName = Swinject;
		};
		26DDB3C229BCCC69003288C8 /* SwinjectAutoregistration */ = {
			isa = XCSwiftPackageProductDependency;
			package = 26DDB3C129BCCC69003288C8 /* XCRemoteSwiftPackageReference "SwinjectAutoregistration" */;
			productName = SwinjectAutoregistration;
		};
/* End XCSwiftPackageProductDependency section */
	};
	rootObject = 26DDB36929BCC69D003288C8 /* Project object */;
}
